{
  "nodes": {
    "catppuccin": {
      "inputs": {
        "nixpkgs": "nixpkgs"
      },
      "locked": {
        "lastModified": 1750153510,
        "narHash": "sha256-NYHXXJZ9m4fJpKk9tKn/EExX87SqcBcRINOGF7hKRLI=",
        "owner": "Stonks3141",
        "repo": "ctp-nix",
        "rev": "4e95eaf8a351956d75cc400318579967ca2b6d0f",
        "type": "github"
      },
      "original": {
        "owner": "Stonks3141",
        "repo": "ctp-nix",
        "type": "github"
      }
    },
    "catppuccin-toolbox": {
      "inputs": {
        "nixpkgs": "nixpkgs_2"
      },
      "locked": {
        "lastModified": 1741994745,
        "narHash": "sha256-/YfAFx/7sZgYc5RfO89asuUSd9lcydubFRCRtwBUyKo=",
        "owner": "catppuccin",
        "repo": "toolbox",
        "rev": "43ef00405b4bf4835b2dfc1a52495ea4ea41ef13",
        "type": "github"
      },
      "original": {
        "owner": "catppuccin",
        "repo": "toolbox",
        "type": "github"
      }
    },
    "home-manager": {
      "inputs": {
        "nixpkgs": [
          "nixpkgs"
        ]
      },
      "locked": {
        "lastModified": 1747688870,
        "narHash": "sha256-ypL9WAZfmJr5V70jEVzqGjjQzF0uCkz+AFQF7n9NmNc=",
        "owner": "nix-community",
        "repo": "home-manager",
        "rev": "d5f1f641b289553927b3801580598d200a501863",
        "type": "github"
      },
      "original": {
        "owner": "nix-community",
        "ref": "release-24.11",
        "repo": "home-manager",
        "type": "github"
      }
    },
    "nixpkgs": {
      "locked": {
        "lastModified": 1744463964,
        "narHash": "sha256-LWqduOgLHCFxiTNYi3Uj5Lgz0SR+Xhw3kr/3Xd0GPTM=",
        "owner": "NixOS",
        "repo": "nixpkgs",
        "rev": "2631b0b7abcea6e640ce31cd78ea58910d31e650",
        "type": "github"
      },
      "original": {
        "owner": "NixOS",
        "ref": "nixos-unstable",
        "repo": "nixpkgs",
        "type": "github"
      }
    },
    "nixpkgs-unstable": {
      "locked": {
        "lastModified": 1750386251,
        "narHash": "sha256-1ovgdmuDYVo5OUC5NzdF+V4zx2uT8RtsgZahxidBTyw=",
        "owner": "nixos",
        "repo": "nixpkgs",
        "rev": "076e8c6678d8c54204abcb4b1b14c366835a58bb",
        "type": "github"
      },
      "original": {
        "owner": "nixos",
        "ref": "nixpkgs-unstable",
        "repo": "nixpkgs",
        "type": "github"
      }
    },
    "nixpkgs_2": {
      "locked": {
        "lastModified": 1708118438,
        "narHash": "sha256-kk9/0nuVgA220FcqH/D2xaN6uGyHp/zoxPNUmPCMmEE=",
        "owner": "NixOS",
        "repo": "nixpkgs",
        "rev": "5863c27340ba4de8f83e7e3c023b9599c3cb3c80",
        "type": "github"
      },
      "original": {
        "owner": "NixOS",
        "ref": "nixos-unstable",
        "repo": "nixpkgs",
        "type": "github"
      }
    },
    "nixpkgs_3": {
      "locked": {
        "lastModified": 1750330365,
        "narHash": "sha256-hJ7XMNVsTnnbV2NPmStCC07gvv5l2x7+Skb7hyUzazg=",
        "owner": "nixos",
        "repo": "nixpkgs",
        "rev": "d883b6213afa179b58ba8bace834f1419707d0ad",
        "type": "github"
      },
      "original": {
        "owner": "nixos",
        "ref": "nixos-24.11",
        "repo": "nixpkgs",
        "type": "github"
      }
    },
    "root": {
      "inputs": {
        "catppuccin": "catppuccin",
        "catppuccin-toolbox": "catppuccin-toolbox",
        "home-manager": "home-manager",
        "nixpkgs": "nixpkgs_3",
        "nixpkgs-unstable": "nixpkgs-unstable"
      }
    }
  },
  "root": "root",
  "version": 7
}
